# THIS IS AN AUTOGENERATED FILE. DO NOT EDIT THIS FILE DIRECTLY.
# yarn lockfile v1


flexbin@^0.2.0:
  version "0.2.0"
  resolved "https://registry.yarnpkg.com/flexbin/-/flexbin-0.2.0.tgz#0126306d3d595fcb7dfcb87149b9c9599ff8f4e9"

spotlight.js@^0.6.5:
  version "0.6.5"
  resolved "https://registry.yarnpkg.com/spotlight.js/-/spotlight.js-0.6.5.tgz#83379a8a310905b6bb3ae1ea3c256645f777c11e"
